// !$*UTF8*$!
{
	archiveVersion = 1;
	classes = {
	};
	objectVersion = 46;
	objects = {

/* Begin PBXBuildFile section */
		1D0DD4091EE1BE33006393F5 /* StartEndGraphDetailViewController.swift in Sources */ = {isa = PBXBuildFile; fileRef = 1D0DD4081EE1BE33006393F5 /* StartEndGraphDetailViewController.swift */; };
		1D17780F1EDF06CB00E1DA02 /* SliderWithArm.swift in Sources */ = {isa = PBXBuildFile; fileRef = 1D17780E1EDF06CB00E1DA02 /* SliderWithArm.swift */; };
		1D27C5191EE0B1B8008F6CC6 /* SimpleSlider.swift in Sources */ = {isa = PBXBuildFile; fileRef = 1D27C5181EE0B1B8008F6CC6 /* SimpleSlider.swift */; };
		1D60198F1ED73B4B003067E2 /* ViewControllerTests.swift in Sources */ = {isa = PBXBuildFile; fileRef = 1D60198E1ED73B4B003067E2 /* ViewControllerTests.swift */; };
		1D6019911ED7405F003067E2 /* InteractiveGraphViewTests.swift in Sources */ = {isa = PBXBuildFile; fileRef = 1D6019901ED7405F003067E2 /* InteractiveGraphViewTests.swift */; };
		1D6019931ED74116003067E2 /* InteractiveGraphView.swift in Sources */ = {isa = PBXBuildFile; fileRef = 1D6019921ED74116003067E2 /* InteractiveGraphView.swift */; };
		1D60199B1ED75AB4003067E2 /* GraphViewController.swift in Sources */ = {isa = PBXBuildFile; fileRef = 1D60199A1ED75AB4003067E2 /* GraphViewController.swift */; };
		1DD895E51ED7614200DE9C1B /* GraphViewControllerTests.swift in Sources */ = {isa = PBXBuildFile; fileRef = 1DD895E41ED7614200DE9C1B /* GraphViewControllerTests.swift */; };
		1DD895E71ED7846900DE9C1B /* CustomSliderTests.swift in Sources */ = {isa = PBXBuildFile; fileRef = 1DD895E61ED7846900DE9C1B /* CustomSliderTests.swift */; };
		1DD895E91ED784BB00DE9C1B /* CustomSlider.swift in Sources */ = {isa = PBXBuildFile; fileRef = 1DD895E81ED784BB00DE9C1B /* CustomSlider.swift */; };
		1DDC1EB81EDF30E500810F6A /* SliderWithArmTests.swift in Sources */ = {isa = PBXBuildFile; fileRef = 1DDC1EB71EDF30E500810F6A /* SliderWithArmTests.swift */; };
		1DDC1EBA1EDF48E800810F6A /* StartEndGraphView.swift in Sources */ = {isa = PBXBuildFile; fileRef = 1DDC1EB91EDF48E800810F6A /* StartEndGraphView.swift */; };
		1DDC1EBC1EDF48F400810F6A /* StartEndGraphViewTests.swift in Sources */ = {isa = PBXBuildFile; fileRef = 1DDC1EBB1EDF48F400810F6A /* StartEndGraphViewTests.swift */; };
		1DDC1EBE1EDF5A7600810F6A /* StartEndGraphViewController.swift in Sources */ = {isa = PBXBuildFile; fileRef = 1DDC1EBD1EDF5A7600810F6A /* StartEndGraphViewController.swift */; };
		1DDC1EC01EDF5A8500810F6A /* StartEndGraphViewControllerTests.swift in Sources */ = {isa = PBXBuildFile; fileRef = 1DDC1EBF1EDF5A8500810F6A /* StartEndGraphViewControllerTests.swift */; };
		1DF083801EE0B9AB0054DD29 /* StartEndDetailGraphView.swift in Sources */ = {isa = PBXBuildFile; fileRef = 1DF0837F1EE0B9AB0054DD29 /* StartEndDetailGraphView.swift */; };
		1DF083841EE0B9F20054DD29 /* StartEndDetailGraphViewTests.swift in Sources */ = {isa = PBXBuildFile; fileRef = 1DF083831EE0B9F20054DD29 /* StartEndDetailGraphViewTests.swift */; };
		210E8C691ED6521B001F1367 /* GraphViewTests.swift in Sources */ = {isa = PBXBuildFile; fileRef = 210E8C681ED6521B001F1367 /* GraphViewTests.swift */; };
		210E8C6B1ED652BC001F1367 /* GraphView.swift in Sources */ = {isa = PBXBuildFile; fileRef = 210E8C6A1ED652BC001F1367 /* GraphView.swift */; };
		217E43681ED7125C00C0A9A9 /* GraphItemInterface.swift in Sources */ = {isa = PBXBuildFile; fileRef = 217E43671ED7125C00C0A9A9 /* GraphItemInterface.swift */; };
		21D159621EB94877002690D4 /* AppDelegate.swift in Sources */ = {isa = PBXBuildFile; fileRef = 21D159611EB94877002690D4 /* AppDelegate.swift */; };
		21D159641EB94877002690D4 /* ViewController.swift in Sources */ = {isa = PBXBuildFile; fileRef = 21D159631EB94877002690D4 /* ViewController.swift */; };
		21D159671EB94877002690D4 /* Main.storyboard in Resources */ = {isa = PBXBuildFile; fileRef = 21D159651EB94877002690D4 /* Main.storyboard */; };
		21D159691EB94877002690D4 /* Assets.xcassets in Resources */ = {isa = PBXBuildFile; fileRef = 21D159681EB94877002690D4 /* Assets.xcassets */; };
		21D1596C1EB94877002690D4 /* LaunchScreen.storyboard in Resources */ = {isa = PBXBuildFile; fileRef = 21D1596A1EB94877002690D4 /* LaunchScreen.storyboard */; };
		21D159821EB94877002690D4 /* SwiftGraphUITests.swift in Sources */ = {isa = PBXBuildFile; fileRef = 21D159811EB94877002690D4 /* SwiftGraphUITests.swift */; };
		21D159941EB949E9002690D4 /* GraphManagerTests.swift in Sources */ = {isa = PBXBuildFile; fileRef = 21D159931EB949E9002690D4 /* GraphManagerTests.swift */; };
		21D159961EB94A20002690D4 /* GraphManager.swift in Sources */ = {isa = PBXBuildFile; fileRef = 21D159951EB94A20002690D4 /* GraphManager.swift */; };
		21D159981EB94B98002690D4 /* GraphItemTests.swift in Sources */ = {isa = PBXBuildFile; fileRef = 21D159971EB94B98002690D4 /* GraphItemTests.swift */; };
		21D1599A1EB94BE2002690D4 /* GraphItem.swift in Sources */ = {isa = PBXBuildFile; fileRef = 21D159991EB94BE2002690D4 /* GraphItem.swift */; };
/* End PBXBuildFile section */

/* Begin PBXContainerItemProxy section */
		21D159731EB94877002690D4 /* PBXContainerItemProxy */ = {
			isa = PBXContainerItemProxy;
			containerPortal = 21D159561EB94877002690D4 /* Project object */;
			proxyType = 1;
			remoteGlobalIDString = 21D1595D1EB94877002690D4;
			remoteInfo = SwiftGraph;
		};
		21D1597E1EB94877002690D4 /* PBXContainerItemProxy */ = {
			isa = PBXContainerItemProxy;
			containerPortal = 21D159561EB94877002690D4 /* Project object */;
			proxyType = 1;
			remoteGlobalIDString = 21D1595D1EB94877002690D4;
			remoteInfo = SwiftGraph;
		};
/* End PBXContainerItemProxy section */

/* Begin PBXFileReference section */
		1D0DD4081EE1BE33006393F5 /* StartEndGraphDetailViewController.swift */ = {isa = PBXFileReference; fileEncoding = 4; lastKnownFileType = sourcecode.swift; path = StartEndGraphDetailViewController.swift; sourceTree = "<group>"; };
		1D17780E1EDF06CB00E1DA02 /* SliderWithArm.swift */ = {isa = PBXFileReference; fileEncoding = 4; lastKnownFileType = sourcecode.swift; path = SliderWithArm.swift; sourceTree = "<group>"; };
		1D27C5181EE0B1B8008F6CC6 /* SimpleSlider.swift */ = {isa = PBXFileReference; fileEncoding = 4; lastKnownFileType = sourcecode.swift; path = SimpleSlider.swift; sourceTree = "<group>"; };
		1D60198E1ED73B4B003067E2 /* ViewControllerTests.swift */ = {isa = PBXFileReference; fileEncoding = 4; lastKnownFileType = sourcecode.swift; path = ViewControllerTests.swift; sourceTree = "<group>"; };
		1D6019901ED7405F003067E2 /* InteractiveGraphViewTests.swift */ = {isa = PBXFileReference; fileEncoding = 4; lastKnownFileType = sourcecode.swift; name = InteractiveGraphViewTests.swift; path = SwiftGraphTests/InteractiveGraphViewTests.swift; sourceTree = SOURCE_ROOT; };
		1D6019921ED74116003067E2 /* InteractiveGraphView.swift */ = {isa = PBXFileReference; fileEncoding = 4; lastKnownFileType = sourcecode.swift; path = InteractiveGraphView.swift; sourceTree = "<group>"; };
		1D60199A1ED75AB4003067E2 /* GraphViewController.swift */ = {isa = PBXFileReference; fileEncoding = 4; lastKnownFileType = sourcecode.swift; path = GraphViewController.swift; sourceTree = "<group>"; };
		1DD895E41ED7614200DE9C1B /* GraphViewControllerTests.swift */ = {isa = PBXFileReference; fileEncoding = 4; lastKnownFileType = sourcecode.swift; name = GraphViewControllerTests.swift; path = ../GraphViewControllerTests.swift; sourceTree = "<group>"; };
		1DD895E61ED7846900DE9C1B /* CustomSliderTests.swift */ = {isa = PBXFileReference; fileEncoding = 4; lastKnownFileType = sourcecode.swift; path = CustomSliderTests.swift; sourceTree = "<group>"; };
		1DD895E81ED784BB00DE9C1B /* CustomSlider.swift */ = {isa = PBXFileReference; fileEncoding = 4; lastKnownFileType = sourcecode.swift; path = CustomSlider.swift; sourceTree = "<group>"; };
		1DDC1EB71EDF30E500810F6A /* SliderWithArmTests.swift */ = {isa = PBXFileReference; fileEncoding = 4; lastKnownFileType = sourcecode.swift; path = SliderWithArmTests.swift; sourceTree = "<group>"; };
		1DDC1EB91EDF48E800810F6A /* StartEndGraphView.swift */ = {isa = PBXFileReference; fileEncoding = 4; lastKnownFileType = sourcecode.swift; path = StartEndGraphView.swift; sourceTree = "<group>"; };
		1DDC1EBB1EDF48F400810F6A /* StartEndGraphViewTests.swift */ = {isa = PBXFileReference; fileEncoding = 4; lastKnownFileType = sourcecode.swift; path = StartEndGraphViewTests.swift; sourceTree = "<group>"; };
		1DDC1EBD1EDF5A7600810F6A /* StartEndGraphViewController.swift */ = {isa = PBXFileReference; fileEncoding = 4; lastKnownFileType = sourcecode.swift; path = StartEndGraphViewController.swift; sourceTree = "<group>"; };
		1DDC1EBF1EDF5A8500810F6A /* StartEndGraphViewControllerTests.swift */ = {isa = PBXFileReference; fileEncoding = 4; lastKnownFileType = sourcecode.swift; path = StartEndGraphViewControllerTests.swift; sourceTree = "<group>"; };
		1DF0837F1EE0B9AB0054DD29 /* StartEndDetailGraphView.swift */ = {isa = PBXFileReference; fileEncoding = 4; lastKnownFileType = sourcecode.swift; path = StartEndDetailGraphView.swift; sourceTree = "<group>"; };
		1DF083831EE0B9F20054DD29 /* StartEndDetailGraphViewTests.swift */ = {isa = PBXFileReference; fileEncoding = 4; lastKnownFileType = sourcecode.swift; name = StartEndDetailGraphViewTests.swift; path = ../StartEndDetailGraphViewTests.swift; sourceTree = "<group>"; };
		210E8C681ED6521B001F1367 /* GraphViewTests.swift */ = {isa = PBXFileReference; fileEncoding = 4; lastKnownFileType = sourcecode.swift; path = GraphViewTests.swift; sourceTree = "<group>"; };
		210E8C6A1ED652BC001F1367 /* GraphView.swift */ = {isa = PBXFileReference; fileEncoding = 4; lastKnownFileType = sourcecode.swift; path = GraphView.swift; sourceTree = "<group>"; };
		217E43671ED7125C00C0A9A9 /* GraphItemInterface.swift */ = {isa = PBXFileReference; fileEncoding = 4; lastKnownFileType = sourcecode.swift; path = GraphItemInterface.swift; sourceTree = "<group>"; };
		21D1595E1EB94877002690D4 /* SwiftGraph.app */ = {isa = PBXFileReference; explicitFileType = wrapper.application; includeInIndex = 0; path = SwiftGraph.app; sourceTree = BUILT_PRODUCTS_DIR; };
		21D159611EB94877002690D4 /* AppDelegate.swift */ = {isa = PBXFileReference; lastKnownFileType = sourcecode.swift; path = AppDelegate.swift; sourceTree = "<group>"; };
		21D159631EB94877002690D4 /* ViewController.swift */ = {isa = PBXFileReference; lastKnownFileType = sourcecode.swift; path = ViewController.swift; sourceTree = "<group>"; };
		21D159661EB94877002690D4 /* Base */ = {isa = PBXFileReference; lastKnownFileType = file.storyboard; name = Base; path = Base.lproj/Main.storyboard; sourceTree = "<group>"; };
		21D159681EB94877002690D4 /* Assets.xcassets */ = {isa = PBXFileReference; lastKnownFileType = folder.assetcatalog; path = Assets.xcassets; sourceTree = "<group>"; };
		21D1596B1EB94877002690D4 /* Base */ = {isa = PBXFileReference; lastKnownFileType = file.storyboard; name = Base; path = Base.lproj/LaunchScreen.storyboard; sourceTree = "<group>"; };
		21D1596D1EB94877002690D4 /* Info.plist */ = {isa = PBXFileReference; lastKnownFileType = text.plist.xml; path = Info.plist; sourceTree = "<group>"; };
		21D159721EB94877002690D4 /* SwiftGraphTests.xctest */ = {isa = PBXFileReference; explicitFileType = wrapper.cfbundle; includeInIndex = 0; path = SwiftGraphTests.xctest; sourceTree = BUILT_PRODUCTS_DIR; };
		21D159781EB94877002690D4 /* Info.plist */ = {isa = PBXFileReference; lastKnownFileType = text.plist.xml; path = Info.plist; sourceTree = "<group>"; };
		21D1597D1EB94877002690D4 /* SwiftGraphUITests.xctest */ = {isa = PBXFileReference; explicitFileType = wrapper.cfbundle; includeInIndex = 0; path = SwiftGraphUITests.xctest; sourceTree = BUILT_PRODUCTS_DIR; };
		21D159811EB94877002690D4 /* SwiftGraphUITests.swift */ = {isa = PBXFileReference; lastKnownFileType = sourcecode.swift; path = SwiftGraphUITests.swift; sourceTree = "<group>"; };
		21D159831EB94877002690D4 /* Info.plist */ = {isa = PBXFileReference; lastKnownFileType = text.plist.xml; path = Info.plist; sourceTree = "<group>"; };
		21D159931EB949E9002690D4 /* GraphManagerTests.swift */ = {isa = PBXFileReference; fileEncoding = 4; lastKnownFileType = sourcecode.swift; path = GraphManagerTests.swift; sourceTree = "<group>"; };
		21D159951EB94A20002690D4 /* GraphManager.swift */ = {isa = PBXFileReference; fileEncoding = 4; lastKnownFileType = sourcecode.swift; path = GraphManager.swift; sourceTree = "<group>"; };
		21D159971EB94B98002690D4 /* GraphItemTests.swift */ = {isa = PBXFileReference; fileEncoding = 4; lastKnownFileType = sourcecode.swift; path = GraphItemTests.swift; sourceTree = "<group>"; };
		21D159991EB94BE2002690D4 /* GraphItem.swift */ = {isa = PBXFileReference; fileEncoding = 4; lastKnownFileType = sourcecode.swift; path = GraphItem.swift; sourceTree = "<group>"; };
/* End PBXFileReference section */

/* Begin PBXFrameworksBuildPhase section */
		21D1595B1EB94877002690D4 /* Frameworks */ = {
			isa = PBXFrameworksBuildPhase;
			buildActionMask = 2147483647;
			files = (
			);
			runOnlyForDeploymentPostprocessing = 0;
		};
		21D1596F1EB94877002690D4 /* Frameworks */ = {
			isa = PBXFrameworksBuildPhase;
			buildActionMask = 2147483647;
			files = (
			);
			runOnlyForDeploymentPostprocessing = 0;
		};
		21D1597A1EB94877002690D4 /* Frameworks */ = {
			isa = PBXFrameworksBuildPhase;
			buildActionMask = 2147483647;
			files = (
			);
			runOnlyForDeploymentPostprocessing = 0;
		};
/* End PBXFrameworksBuildPhase section */

/* Begin PBXGroup section */
		21D159551EB94877002690D4 = {
			isa = PBXGroup;
			children = (
				21D159601EB94877002690D4 /* SwiftGraph */,
				21D159751EB94877002690D4 /* SwiftGraphTests */,
				21D159801EB94877002690D4 /* SwiftGraphUITests */,
				21D1595F1EB94877002690D4 /* Products */,
			);
			sourceTree = "<group>";
		};
		21D1595F1EB94877002690D4 /* Products */ = {
			isa = PBXGroup;
			children = (
				21D1595E1EB94877002690D4 /* SwiftGraph.app */,
				21D159721EB94877002690D4 /* SwiftGraphTests.xctest */,
				21D1597D1EB94877002690D4 /* SwiftGraphUITests.xctest */,
			);
			name = Products;
			sourceTree = "<group>";
		};
		21D159601EB94877002690D4 /* SwiftGraph */ = {
			isa = PBXGroup;
			children = (
				217E43671ED7125C00C0A9A9 /* GraphItemInterface.swift */,
				21D159611EB94877002690D4 /* AppDelegate.swift */,
				21D159631EB94877002690D4 /* ViewController.swift */,
				1DDC1EBD1EDF5A7600810F6A /* StartEndGraphViewController.swift */,
				1D0DD4081EE1BE33006393F5 /* StartEndGraphDetailViewController.swift */,
				1D60199A1ED75AB4003067E2 /* GraphViewController.swift */,
				21D159991EB94BE2002690D4 /* GraphItem.swift */,
				21D159951EB94A20002690D4 /* GraphManager.swift */,
				210E8C6A1ED652BC001F1367 /* GraphView.swift */,
				21D159651EB94877002690D4 /* Main.storyboard */,
				21D159681EB94877002690D4 /* Assets.xcassets */,
				21D1596A1EB94877002690D4 /* LaunchScreen.storyboard */,
				21D1596D1EB94877002690D4 /* Info.plist */,
				1D6019921ED74116003067E2 /* InteractiveGraphView.swift */,
				1DD895E81ED784BB00DE9C1B /* CustomSlider.swift */,
				1D17780E1EDF06CB00E1DA02 /* SliderWithArm.swift */,
				1DDC1EB91EDF48E800810F6A /* StartEndGraphView.swift */,
				1DF0837F1EE0B9AB0054DD29 /* StartEndDetailGraphView.swift */,
				1D27C5181EE0B1B8008F6CC6 /* SimpleSlider.swift */,
			);
			path = SwiftGraph;
			sourceTree = "<group>";
		};
		21D159751EB94877002690D4 /* SwiftGraphTests */ = {
			isa = PBXGroup;
			children = (
				210E8C681ED6521B001F1367 /* GraphViewTests.swift */,
				21D159781EB94877002690D4 /* Info.plist */,
				21D159931EB949E9002690D4 /* GraphManagerTests.swift */,
				1D6019901ED7405F003067E2 /* InteractiveGraphViewTests.swift */,
				21D159971EB94B98002690D4 /* GraphItemTests.swift */,
				1D60198E1ED73B4B003067E2 /* ViewControllerTests.swift */,
				1DD895E41ED7614200DE9C1B /* GraphViewControllerTests.swift */,
				1DD895E61ED7846900DE9C1B /* CustomSliderTests.swift */,
				1DDC1EB71EDF30E500810F6A /* SliderWithArmTests.swift */,
				1DDC1EBB1EDF48F400810F6A /* StartEndGraphViewTests.swift */,
				1DDC1EBF1EDF5A8500810F6A /* StartEndGraphViewControllerTests.swift */,
				1DF083831EE0B9F20054DD29 /* StartEndDetailGraphViewTests.swift */,
			);
			path = SwiftGraphTests;
			sourceTree = "<group>";
		};
		21D159801EB94877002690D4 /* SwiftGraphUITests */ = {
			isa = PBXGroup;
			children = (
				21D159811EB94877002690D4 /* SwiftGraphUITests.swift */,
				21D159831EB94877002690D4 /* Info.plist */,
			);
			path = SwiftGraphUITests;
			sourceTree = "<group>";
		};
/* End PBXGroup section */

/* Begin PBXNativeTarget section */
		21D1595D1EB94877002690D4 /* SwiftGraph */ = {
			isa = PBXNativeTarget;
			buildConfigurationList = 21D159861EB94877002690D4 /* Build configuration list for PBXNativeTarget "SwiftGraph" */;
			buildPhases = (
				21D1595A1EB94877002690D4 /* Sources */,
				21D1595B1EB94877002690D4 /* Frameworks */,
				21D1595C1EB94877002690D4 /* Resources */,
			);
			buildRules = (
			);
			dependencies = (
			);
			name = SwiftGraph;
			productName = SwiftGraph;
			productReference = 21D1595E1EB94877002690D4 /* SwiftGraph.app */;
			productType = "com.apple.product-type.application";
		};
		21D159711EB94877002690D4 /* SwiftGraphTests */ = {
			isa = PBXNativeTarget;
			buildConfigurationList = 21D159891EB94877002690D4 /* Build configuration list for PBXNativeTarget "SwiftGraphTests" */;
			buildPhases = (
				21D1596E1EB94877002690D4 /* Sources */,
				21D1596F1EB94877002690D4 /* Frameworks */,
				21D159701EB94877002690D4 /* Resources */,
			);
			buildRules = (
			);
			dependencies = (
				21D159741EB94877002690D4 /* PBXTargetDependency */,
			);
			name = SwiftGraphTests;
			productName = SwiftGraphTests;
			productReference = 21D159721EB94877002690D4 /* SwiftGraphTests.xctest */;
			productType = "com.apple.product-type.bundle.unit-test";
		};
		21D1597C1EB94877002690D4 /* SwiftGraphUITests */ = {
			isa = PBXNativeTarget;
			buildConfigurationList = 21D1598C1EB94877002690D4 /* Build configuration list for PBXNativeTarget "SwiftGraphUITests" */;
			buildPhases = (
				21D159791EB94877002690D4 /* Sources */,
				21D1597A1EB94877002690D4 /* Frameworks */,
				21D1597B1EB94877002690D4 /* Resources */,
			);
			buildRules = (
			);
			dependencies = (
				21D1597F1EB94877002690D4 /* PBXTargetDependency */,
			);
			name = SwiftGraphUITests;
			productName = SwiftGraphUITests;
			productReference = 21D1597D1EB94877002690D4 /* SwiftGraphUITests.xctest */;
			productType = "com.apple.product-type.bundle.ui-testing";
		};
/* End PBXNativeTarget section */

/* Begin PBXProject section */
		21D159561EB94877002690D4 /* Project object */ = {
			isa = PBXProject;
			attributes = {
				LastSwiftUpdateCheck = 0830;
				LastUpgradeCheck = 0830;
				ORGANIZATIONNAME = "AJ Bartocci";
				TargetAttributes = {
					21D1595D1EB94877002690D4 = {
						CreatedOnToolsVersion = 8.3.2;
						DevelopmentTeam = 25NQ367WU2;
						ProvisioningStyle = Automatic;
					};
					21D159711EB94877002690D4 = {
						CreatedOnToolsVersion = 8.3.2;
						DevelopmentTeam = 25NQ367WU2;
						LastSwiftMigration = 0830;
						ProvisioningStyle = Automatic;
						TestTargetID = 21D1595D1EB94877002690D4;
					};
					21D1597C1EB94877002690D4 = {
						CreatedOnToolsVersion = 8.3.2;
						DevelopmentTeam = 25NQ367WU2;
						ProvisioningStyle = Automatic;
						TestTargetID = 21D1595D1EB94877002690D4;
					};
				};
			};
			buildConfigurationList = 21D159591EB94877002690D4 /* Build configuration list for PBXProject "SwiftGraph" */;
			compatibilityVersion = "Xcode 3.2";
			developmentRegion = English;
			hasScannedForEncodings = 0;
			knownRegions = (
				en,
				Base,
			);
			mainGroup = 21D159551EB94877002690D4;
			productRefGroup = 21D1595F1EB94877002690D4 /* Products */;
			projectDirPath = "";
			projectRoot = "";
			targets = (
				21D1595D1EB94877002690D4 /* SwiftGraph */,
				21D159711EB94877002690D4 /* SwiftGraphTests */,
				21D1597C1EB94877002690D4 /* SwiftGraphUITests */,
			);
		};
/* End PBXProject section */

/* Begin PBXResourcesBuildPhase section */
		21D1595C1EB94877002690D4 /* Resources */ = {
			isa = PBXResourcesBuildPhase;
			buildActionMask = 2147483647;
			files = (
				21D1596C1EB94877002690D4 /* LaunchScreen.storyboard in Resources */,
				21D159691EB94877002690D4 /* Assets.xcassets in Resources */,
				21D159671EB94877002690D4 /* Main.storyboard in Resources */,
			);
			runOnlyForDeploymentPostprocessing = 0;
		};
		21D159701EB94877002690D4 /* Resources */ = {
			isa = PBXResourcesBuildPhase;
			buildActionMask = 2147483647;
			files = (
			);
			runOnlyForDeploymentPostprocessing = 0;
		};
		21D1597B1EB94877002690D4 /* Resources */ = {
			isa = PBXResourcesBuildPhase;
			buildActionMask = 2147483647;
			files = (
			);
			runOnlyForDeploymentPostprocessing = 0;
		};
/* End PBXResourcesBuildPhase section */

/* Begin PBXSourcesBuildPhase section */
		21D1595A1EB94877002690D4 /* Sources */ = {
			isa = PBXSourcesBuildPhase;
			buildActionMask = 2147483647;
			files = (
				21D159641EB94877002690D4 /* ViewController.swift in Sources */,
				1DF083801EE0B9AB0054DD29 /* StartEndDetailGraphView.swift in Sources */,
				1DD895E91ED784BB00DE9C1B /* CustomSlider.swift in Sources */,
				1DDC1EBE1EDF5A7600810F6A /* StartEndGraphViewController.swift in Sources */,
				1D6019931ED74116003067E2 /* InteractiveGraphView.swift in Sources */,
				217E43681ED7125C00C0A9A9 /* GraphItemInterface.swift in Sources */,
				21D159621EB94877002690D4 /* AppDelegate.swift in Sources */,
				21D159961EB94A20002690D4 /* GraphManager.swift in Sources */,
				1DDC1EBA1EDF48E800810F6A /* StartEndGraphView.swift in Sources */,
				1D27C5191EE0B1B8008F6CC6 /* SimpleSlider.swift in Sources */,
				1D60199B1ED75AB4003067E2 /* GraphViewController.swift in Sources */,
				21D1599A1EB94BE2002690D4 /* GraphItem.swift in Sources */,
				210E8C6B1ED652BC001F1367 /* GraphView.swift in Sources */,
				1D0DD4091EE1BE33006393F5 /* StartEndGraphDetailViewController.swift in Sources */,
				1D17780F1EDF06CB00E1DA02 /* SliderWithArm.swift in Sources */,
			);
			runOnlyForDeploymentPostprocessing = 0;
		};
		21D1596E1EB94877002690D4 /* Sources */ = {
			isa = PBXSourcesBuildPhase;
			buildActionMask = 2147483647;
			files = (
				1DDC1EC01EDF5A8500810F6A /* StartEndGraphViewControllerTests.swift in Sources */,
				1DDC1EBC1EDF48F400810F6A /* StartEndGraphViewTests.swift in Sources */,
				210E8C691ED6521B001F1367 /* GraphViewTests.swift in Sources */,
				21D159941EB949E9002690D4 /* GraphManagerTests.swift in Sources */,
				1DD895E71ED7846900DE9C1B /* CustomSliderTests.swift in Sources */,
				1DF083841EE0B9F20054DD29 /* StartEndDetailGraphViewTests.swift in Sources */,
				1D60198F1ED73B4B003067E2 /* ViewControllerTests.swift in Sources */,
				21D159981EB94B98002690D4 /* GraphItemTests.swift in Sources */,
				1DDC1EB81EDF30E500810F6A /* SliderWithArmTests.swift in Sources */,
				1D6019911ED7405F003067E2 /* InteractiveGraphViewTests.swift in Sources */,
				1DD895E51ED7614200DE9C1B /* GraphViewControllerTests.swift in Sources */,
			);
			runOnlyForDeploymentPostprocessing = 0;
		};
		21D159791EB94877002690D4 /* Sources */ = {
			isa = PBXSourcesBuildPhase;
			buildActionMask = 2147483647;
			files = (
				21D159821EB94877002690D4 /* SwiftGraphUITests.swift in Sources */,
			);
			runOnlyForDeploymentPostprocessing = 0;
		};
/* End PBXSourcesBuildPhase section */

/* Begin PBXTargetDependency section */
		21D159741EB94877002690D4 /* PBXTargetDependency */ = {
			isa = PBXTargetDependency;
			target = 21D1595D1EB94877002690D4 /* SwiftGraph */;
			targetProxy = 21D159731EB94877002690D4 /* PBXContainerItemProxy */;
		};
		21D1597F1EB94877002690D4 /* PBXTargetDependency */ = {
			isa = PBXTargetDependency;
			target = 21D1595D1EB94877002690D4 /* SwiftGraph */;
			targetProxy = 21D1597E1EB94877002690D4 /* PBXContainerItemProxy */;
		};
/* End PBXTargetDependency section */

/* Begin PBXVariantGroup section */
		21D159651EB94877002690D4 /* Main.storyboard */ = {
			isa = PBXVariantGroup;
			children = (
				21D159661EB94877002690D4 /* Base */,
			);
			name = Main.storyboard;
			sourceTree = "<group>";
		};
		21D1596A1EB94877002690D4 /* LaunchScreen.storyboard */ = {
			isa = PBXVariantGroup;
			children = (
				21D1596B1EB94877002690D4 /* Base */,
			);
			name = LaunchScreen.storyboard;
			sourceTree = "<group>";
		};
/* End PBXVariantGroup section */

/* Begin XCBuildConfiguration section */
		21D159841EB94877002690D4 /* Debug */ = {
			isa = XCBuildConfiguration;
			buildSettings = {
				ALWAYS_SEARCH_USER_PATHS = NO;
				CLANG_ANALYZER_NONNULL = YES;
				CLANG_ANALYZER_NUMBER_OBJECT_CONVERSION = YES_AGGRESSIVE;
				CLANG_CXX_LANGUAGE_STANDARD = "gnu++0x";
				CLANG_CXX_LIBRARY = "libc++";
				CLANG_ENABLE_MODULES = YES;
				CLANG_ENABLE_OBJC_ARC = YES;
				CLANG_WARN_BOOL_CONVERSION = YES;
				CLANG_WARN_CONSTANT_CONVERSION = YES;
				CLANG_WARN_DIRECT_OBJC_ISA_USAGE = YES_ERROR;
				CLANG_WARN_DOCUMENTATION_COMMENTS = YES;
				CLANG_WARN_EMPTY_BODY = YES;
				CLANG_WARN_ENUM_CONVERSION = YES;
				CLANG_WARN_INFINITE_RECURSION = YES;
				CLANG_WARN_INT_CONVERSION = YES;
				CLANG_WARN_OBJC_ROOT_CLASS = YES_ERROR;
				CLANG_WARN_SUSPICIOUS_MOVE = YES;
				CLANG_WARN_UNREACHABLE_CODE = YES;
				CLANG_WARN__DUPLICATE_METHOD_MATCH = YES;
				"CODE_SIGN_IDENTITY[sdk=iphoneos*]" = "iPhone Developer";
				COPY_PHASE_STRIP = NO;
				DEBUG_INFORMATION_FORMAT = dwarf;
				ENABLE_STRICT_OBJC_MSGSEND = YES;
				ENABLE_TESTABILITY = YES;
				GCC_C_LANGUAGE_STANDARD = gnu99;
				GCC_DYNAMIC_NO_PIC = NO;
				GCC_NO_COMMON_BLOCKS = YES;
				GCC_OPTIMIZATION_LEVEL = 0;
				GCC_PREPROCESSOR_DEFINITIONS = (
					"DEBUG=1",
					"$(inherited)",
				);
				GCC_WARN_64_TO_32_BIT_CONVERSION = YES;
				GCC_WARN_ABOUT_RETURN_TYPE = YES_ERROR;
				GCC_WARN_UNDECLARED_SELECTOR = YES;
				GCC_WARN_UNINITIALIZED_AUTOS = YES_AGGRESSIVE;
				GCC_WARN_UNUSED_FUNCTION = YES;
				GCC_WARN_UNUSED_VARIABLE = YES;
				IPHONEOS_DEPLOYMENT_TARGET = 10.3;
				MTL_ENABLE_DEBUG_INFO = YES;
				ONLY_ACTIVE_ARCH = YES;
				SDKROOT = iphoneos;
				SWIFT_ACTIVE_COMPILATION_CONDITIONS = DEBUG;
				SWIFT_OPTIMIZATION_LEVEL = "-Onone";
				TARGETED_DEVICE_FAMILY = "1,2";
			};
			name = Debug;
		};
		21D159851EB94877002690D4 /* Release */ = {
			isa = XCBuildConfiguration;
			buildSettings = {
				ALWAYS_SEARCH_USER_PATHS = NO;
				CLANG_ANALYZER_NONNULL = YES;
				CLANG_ANALYZER_NUMBER_OBJECT_CONVERSION = YES_AGGRESSIVE;
				CLANG_CXX_LANGUAGE_STANDARD = "gnu++0x";
				CLANG_CXX_LIBRARY = "libc++";
				CLANG_ENABLE_MODULES = YES;
				CLANG_ENABLE_OBJC_ARC = YES;
				CLANG_WARN_BOOL_CONVERSION = YES;
				CLANG_WARN_CONSTANT_CONVERSION = YES;
				CLANG_WARN_DIRECT_OBJC_ISA_USAGE = YES_ERROR;
				CLANG_WARN_DOCUMENTATION_COMMENTS = YES;
				CLANG_WARN_EMPTY_BODY = YES;
				CLANG_WARN_ENUM_CONVERSION = YES;
				CLANG_WARN_INFINITE_RECURSION = YES;
				CLANG_WARN_INT_CONVERSION = YES;
				CLANG_WARN_OBJC_ROOT_CLASS = YES_ERROR;
				CLANG_WARN_SUSPICIOUS_MOVE = YES;
				CLANG_WARN_UNREACHABLE_CODE = YES;
				CLANG_WARN__DUPLICATE_METHOD_MATCH = YES;
				"CODE_SIGN_IDENTITY[sdk=iphoneos*]" = "iPhone Developer";
				COPY_PHASE_STRIP = NO;
				DEBUG_INFORMATION_FORMAT = "dwarf-with-dsym";
				ENABLE_NS_ASSERTIONS = NO;
				ENABLE_STRICT_OBJC_MSGSEND = YES;
				GCC_C_LANGUAGE_STANDARD = gnu99;
				GCC_NO_COMMON_BLOCKS = YES;
				GCC_WARN_64_TO_32_BIT_CONVERSION = YES;
				GCC_WARN_ABOUT_RETURN_TYPE = YES_ERROR;
				GCC_WARN_UNDECLARED_SELECTOR = YES;
				GCC_WARN_UNINITIALIZED_AUTOS = YES_AGGRESSIVE;
				GCC_WARN_UNUSED_FUNCTION = YES;
				GCC_WARN_UNUSED_VARIABLE = YES;
				IPHONEOS_DEPLOYMENT_TARGET = 10.3;
				MTL_ENABLE_DEBUG_INFO = NO;
				SDKROOT = iphoneos;
				SWIFT_OPTIMIZATION_LEVEL = "-Owholemodule";
				TARGETED_DEVICE_FAMILY = "1,2";
				VALIDATE_PRODUCT = YES;
			};
			name = Release;
		};
		21D159871EB94877002690D4 /* Debug */ = {
			isa = XCBuildConfiguration;
			buildSettings = {
				ASSETCATALOG_COMPILER_APPICON_NAME = AppIcon;
				DEVELOPMENT_TEAM = 25NQ367WU2;
				INFOPLIST_FILE = SwiftGraph/Info.plist;
				LD_RUNPATH_SEARCH_PATHS = "$(inherited) @executable_path/Frameworks";
				PRODUCT_BUNDLE_IDENTIFIER = com.ajbartocci.SwiftGraph;
				PRODUCT_NAME = "$(TARGET_NAME)";
				SWIFT_VERSION = 3.0;
			};
			name = Debug;
		};
		21D159881EB94877002690D4 /* Release */ = {
			isa = XCBuildConfiguration;
			buildSettings = {
				ASSETCATALOG_COMPILER_APPICON_NAME = AppIcon;
				DEVELOPMENT_TEAM = 25NQ367WU2;
				INFOPLIST_FILE = SwiftGraph/Info.plist;
				LD_RUNPATH_SEARCH_PATHS = "$(inherited) @executable_path/Frameworks";
				PRODUCT_BUNDLE_IDENTIFIER = com.ajbartocci.SwiftGraph;
				PRODUCT_NAME = "$(TARGET_NAME)";
				SWIFT_VERSION = 3.0;
			};
			name = Release;
		};
		21D1598A1EB94877002690D4 /* Debug */ = {
			isa = XCBuildConfiguration;
			buildSettings = {
				ALWAYS_EMBED_SWIFT_STANDARD_LIBRARIES = YES;
				BUNDLE_LOADER = "$(TEST_HOST)";
				CLANG_ENABLE_MODULES = YES;
				DEVELOPMENT_TEAM = 25NQ367WU2;
				INFOPLIST_FILE = SwiftGraphTests/Info.plist;
				LD_RUNPATH_SEARCH_PATHS = "$(inherited) @executable_path/Frameworks @loader_path/Frameworks";
				PRODUCT_BUNDLE_IDENTIFIER = com.ajbartocci.SwiftGraphTests;
				PRODUCT_NAME = "$(TARGET_NAME)";
				SWIFT_OPTIMIZATION_LEVEL = "-Onone";
				SWIFT_VERSION = 3.0;
				TEST_HOST = "$(BUILT_PRODUCTS_DIR)/SwiftGraph.app/SwiftGraph";
			};
			name = Debug;
		};
		21D1598B1EB94877002690D4 /* Release */ = {
			isa = XCBuildConfiguration;
			buildSettings = {
				ALWAYS_EMBED_SWIFT_STANDARD_LIBRARIES = YES;
				BUNDLE_LOADER = "$(TEST_HOST)";
				CLANG_ENABLE_MODULES = YES;
				DEVELOPMENT_TEAM = 25NQ367WU2;
				INFOPLIST_FILE = SwiftGraphTests/Info.plist;
				LD_RUNPATH_SEARCH_PATHS = "$(inherited) @executable_path/Frameworks @loader_path/Frameworks";
				PRODUCT_BUNDLE_IDENTIFIER = com.ajbartocci.SwiftGraphTests;
				PRODUCT_NAME = "$(TARGET_NAME)";
				SWIFT_VERSION = 3.0;
				TEST_HOST = "$(BUILT_PRODUCTS_DIR)/SwiftGraph.app/SwiftGraph";
			};
			name = Release;
		};
		21D1598D1EB94877002690D4 /* Debug */ = {
			isa = XCBuildConfiguration;
			buildSettings = {
				ALWAYS_EMBED_SWIFT_STANDARD_LIBRARIES = YES;
				DEVELOPMENT_TEAM = 25NQ367WU2;
				INFOPLIST_FILE = SwiftGraphUITests/Info.plist;
				LD_RUNPATH_SEARCH_PATHS = "$(inherited) @executable_path/Frameworks @loader_path/Frameworks";
				PRODUCT_BUNDLE_IDENTIFIER = com.ajbartocci.SwiftGraphUITests;
				PRODUCT_NAME = "$(TARGET_NAME)";
				SWIFT_VERSION = 3.0;
				TEST_TARGET_NAME = SwiftGraph;
			};
			name = Debug;
		};
		21D1598E1EB94877002690D4 /* Release */ = {
			isa = XCBuildConfiguration;
			buildSettings = {
				ALWAYS_EMBED_SWIFT_STANDARD_LIBRARIES = YES;
				DEVELOPMENT_TEAM = 25NQ367WU2;
				INFOPLIST_FILE = SwiftGraphUITests/Info.plist;
				LD_RUNPATH_SEARCH_PATHS = "$(inherited) @executable_path/Frameworks @loader_path/Frameworks";
				PRODUCT_BUNDLE_IDENTIFIER = com.ajbartocci.SwiftGraphUITests;
				PRODUCT_NAME = "$(TARGET_NAME)";
				SWIFT_VERSION = 3.0;
				TEST_TARGET_NAME = SwiftGraph;
			};
			name = Release;
		};
/* End XCBuildConfiguration section */

/* Begin XCConfigurationList section */
		21D159591EB94877002690D4 /* Build configuration list for PBXProject "SwiftGraph" */ = {
			isa = XCConfigurationList;
			buildConfigurations = (
				21D159841EB94877002690D4 /* Debug */,
				21D159851EB94877002690D4 /* Release */,
			);
			defaultConfigurationIsVisible = 0;
			defaultConfigurationName = Release;
		};
		21D159861EB94877002690D4 /* Build configuration list for PBXNativeTarget "SwiftGraph" */ = {
			isa = XCConfigurationList;
			buildConfigurations = (
				21D159871EB94877002690D4 /* Debug */,
				21D159881EB94877002690D4 /* Release */,
			);
			defaultConfigurationIsVisible = 0;
			defaultConfigurationName = Release;
		};
		21D159891EB94877002690D4 /* Build configuration list for PBXNativeTarget "SwiftGraphTests" */ = {
			isa = XCConfigurationList;
			buildConfigurations = (
				21D1598A1EB94877002690D4 /* Debug */,
				21D1598B1EB94877002690D4 /* Release */,
			);
			defaultConfigurationIsVisible = 0;
			defaultConfigurationName = Release;
		};
		21D1598C1EB94877002690D4 /* Build configuration list for PBXNativeTarget "SwiftGraphUITests" */ = {
			isa = XCConfigurationList;
			buildConfigurations = (
				21D1598D1EB94877002690D4 /* Debug */,
				21D1598E1EB94877002690D4 /* Release */,
			);
			defaultConfigurationIsVisible = 0;
			defaultConfigurationName = Release;
		};
/* End XCConfigurationList section */
	};
	rootObject = 21D159561EB94877002690D4 /* Project object */;
}
